PODS:
  - ActionClosurable (1.2.0)
  - Nuke (7.5.2)

DEPENDENCIES:
  - ActionClosurable (from `https://github.com/hicka04/ActionClosurable`, branch `swift4.2`)
  - Nuke (= 7.5.2)

SPEC REPOS:
  https://github.com/cocoapods/specs.git:
    - Nuke

EXTERNAL SOURCES:
  ActionClosurable:
    :branch: swift4.2
    :git: https://github.com/hicka04/ActionClosurable

CHECKOUT OPTIONS:
  ActionClosurable:
    :commit: 0df9ca6344070d9395fff1719092b128eeb14993
    :git: https://github.com/hicka04/ActionClosurable

SPEC CHECKSUMS:
  ActionClosurable: ff826688551b031c6bd936cb4928ebf63571893a
  Nuke: 0350d346a688426e8f2331253ef28dc2fc4f6178

PODFILE CHECKSUM: a62ab54d1a15400a9412aed43f33b87182138d56

COCOAPODS: 1.6.0
