PODS:
  - ActionClosurable (1.2.0)

DEPENDENCIES:
  - ActionClosurable (from `https://github.com/hicka04/ActionClosurable`, branch `swift4.2`)

EXTERNAL SOURCES:
  ActionClosurable:
    :branch: swift4.2
    :git: https://github.com/hicka04/ActionClosurable

CHECKOUT OPTIONS:
  ActionClosurable:
    :commit: 0df9ca6344070d9395fff1719092b128eeb14993
    :git: https://github.com/hicka04/ActionClosurable

SPEC CHECKSUMS:
  ActionClosurable: ff826688551b031c6bd936cb4928ebf63571893a

PODFILE CHECKSUM: dbc5054616cc01428b2af65b92900db3abee0a6c

COCOAPODS: 1.6.0
