PODS:
  - ActionClosurable (1.2.0)

DEPENDENCIES:
  - ActionClosurable (= 1.2.0)

SPEC REPOS:
  https://github.com/cocoapods/specs.git:
    - ActionClosurable

SPEC CHECKSUMS:
  ActionClosurable: ff826688551b031c6bd936cb4928ebf63571893a

PODFILE CHECKSUM: c8c0ff81acb2a9dd2d9e5c3c36d1879e3a315339

COCOAPODS: 1.6.0
