// !$*UTF8*$!
{
	archiveVersion = 1;
	classes = {
	};
	objectVersion = 50;
	objects = {

/* Begin PBXBuildFile section */
		17044BFB221FA85900377FC2 /* RepositoryContentListContract.swift in Sources */ = {isa = PBXBuildFile; fileRef = 17044BFA221FA85900377FC2 /* RepositoryContentListContract.swift */; };
		17044BFE221FA8C100377FC2 /* RepositoryContentListViewController.swift in Sources */ = {isa = PBXBuildFile; fileRef = 17044BFC221FA8C100377FC2 /* RepositoryContentListViewController.swift */; };
		17044C01221FA8FE00377FC2 /* RepositoryContentListViewPresenter.swift in Sources */ = {isa = PBXBuildFile; fileRef = 17044C00221FA8FE00377FC2 /* RepositoryContentListViewPresenter.swift */; };
		17044C03221FA97000377FC2 /* RepositoryContentListRouter.swift in Sources */ = {isa = PBXBuildFile; fileRef = 17044C02221FA97000377FC2 /* RepositoryContentListRouter.swift */; };
		17044C0A2224190500377FC2 /* RepositoryReleaseContract.swift in Sources */ = {isa = PBXBuildFile; fileRef = 17044C092224190500377FC2 /* RepositoryReleaseContract.swift */; };
		17044C0D2224199800377FC2 /* RepositoryReleaseViewController.swift in Sources */ = {isa = PBXBuildFile; fileRef = 17044C0B2224199800377FC2 /* RepositoryReleaseViewController.swift */; };
		17044C1022241A4400377FC2 /* RepositoryReleaseViewPresenter.swift in Sources */ = {isa = PBXBuildFile; fileRef = 17044C0F22241A4400377FC2 /* RepositoryReleaseViewPresenter.swift */; };
		17044C1222241BBB00377FC2 /* RepositoryReleaseRouter.swift in Sources */ = {isa = PBXBuildFile; fileRef = 17044C1122241BBB00377FC2 /* RepositoryReleaseRouter.swift */; };
		17044C182228E4D900377FC2 /* RepositoryContent.swift in Sources */ = {isa = PBXBuildFile; fileRef = 17044C172228E4D900377FC2 /* RepositoryContent.swift */; };
		17044C33222A7BF100377FC2 /* GitHubRepositoryInteractor.swift in Sources */ = {isa = PBXBuildFile; fileRef = 17044C32222A7BF100377FC2 /* GitHubRepositoryInteractor.swift */; };
		17044C39222A7DC100377FC2 /* GitHubRepositoryContentsInteractor.swift in Sources */ = {isa = PBXBuildFile; fileRef = 17044C38222A7DC100377FC2 /* GitHubRepositoryContentsInteractor.swift */; };
		17044C3B222A827A00377FC2 /* Release.swift in Sources */ = {isa = PBXBuildFile; fileRef = 17044C3A222A827A00377FC2 /* Release.swift */; };
		17044C3E222A864100377FC2 /* GitHubReleaseInteractor.swift in Sources */ = {isa = PBXBuildFile; fileRef = 17044C3D222A864100377FC2 /* GitHubReleaseInteractor.swift */; };
		170843FE223402A400859658 /* RepositoryContentContract.swift in Sources */ = {isa = PBXBuildFile; fileRef = 170843FD223402A400859658 /* RepositoryContentContract.swift */; };
		170844012234030300859658 /* RepositoryContentViewController.swift in Sources */ = {isa = PBXBuildFile; fileRef = 170843FF2234030300859658 /* RepositoryContentViewController.swift */; };
		170844022234030300859658 /* RepositoryContentViewController.xib in Resources */ = {isa = PBXBuildFile; fileRef = 170844002234030300859658 /* RepositoryContentViewController.xib */; };
		170844042234038800859658 /* RepositoryContentViewPresenter.swift in Sources */ = {isa = PBXBuildFile; fileRef = 170844032234038800859658 /* RepositoryContentViewPresenter.swift */; };
		170844062234041900859658 /* RepositoryContentRouter.swift in Sources */ = {isa = PBXBuildFile; fileRef = 170844052234041900859658 /* RepositoryContentRouter.swift */; };
		1708440822353CB900859658 /* Color.xcassets in Resources */ = {isa = PBXBuildFile; fileRef = 1708440722353CB900859658 /* Color.xcassets */; };
		1708440A22353EBF00859658 /* UIColor+extension.swift in Sources */ = {isa = PBXBuildFile; fileRef = 1708440922353EBF00859658 /* UIColor+extension.swift */; };
		1708440C2236992C00859658 /* UIImageView+extension.swift in Sources */ = {isa = PBXBuildFile; fileRef = 1708440B2236992C00859658 /* UIImageView+extension.swift */; };
		173AE5672217008A004FEC1A /* User.swift in Sources */ = {isa = PBXBuildFile; fileRef = 173AE55C2217008A004FEC1A /* User.swift */; };
		173AE5682217008A004FEC1A /* Repository.swift in Sources */ = {isa = PBXBuildFile; fileRef = 173AE55D2217008A004FEC1A /* Repository.swift */; };
		173AE5692217008A004FEC1A /* SearchResponse.swift in Sources */ = {isa = PBXBuildFile; fileRef = 173AE55E2217008A004FEC1A /* SearchResponse.swift */; };
		173AE56A2217008A004FEC1A /* GitHubAPI.swift in Sources */ = {isa = PBXBuildFile; fileRef = 173AE5602217008A004FEC1A /* GitHubAPI.swift */; };
		173AE56B2217008A004FEC1A /* HTTPMethod.swift in Sources */ = {isa = PBXBuildFile; fileRef = 173AE5612217008A004FEC1A /* HTTPMethod.swift */; };
		173AE56C2217008A004FEC1A /* GitHubRequest.swift in Sources */ = {isa = PBXBuildFile; fileRef = 173AE5622217008A004FEC1A /* GitHubRequest.swift */; };
		173AE56D2217008A004FEC1A /* GitHubClient.swift in Sources */ = {isa = PBXBuildFile; fileRef = 173AE5632217008A004FEC1A /* GitHubClient.swift */; };
		173AE56E2217008A004FEC1A /* GitHubAPIError.swift in Sources */ = {isa = PBXBuildFile; fileRef = 173AE5652217008A004FEC1A /* GitHubAPIError.swift */; };
		173AE56F2217008A004FEC1A /* GitHubClientError.swift in Sources */ = {isa = PBXBuildFile; fileRef = 173AE5662217008A004FEC1A /* GitHubClientError.swift */; };
		173AE57C221D06C3004FEC1A /* UITableView+extension.swift in Sources */ = {isa = PBXBuildFile; fileRef = 173AE57B221D06C3004FEC1A /* UITableView+extension.swift */; };
		173AE57E221D06D5004FEC1A /* UITableViewCell+extension.swift in Sources */ = {isa = PBXBuildFile; fileRef = 173AE57D221D06D5004FEC1A /* UITableViewCell+extension.swift */; };
		173AE582221D7BF1004FEC1A /* SearchResultViewController.swift in Sources */ = {isa = PBXBuildFile; fileRef = 173AE581221D7BF1004FEC1A /* SearchResultViewController.swift */; };
		173AE586221D7C68004FEC1A /* RootRouter.swift in Sources */ = {isa = PBXBuildFile; fileRef = 173AE585221D7C68004FEC1A /* RootRouter.swift */; };
		173AE58D221D7E71004FEC1A /* SearchResultContract.swift in Sources */ = {isa = PBXBuildFile; fileRef = 173AE58C221D7E70004FEC1A /* SearchResultContract.swift */; };
		173AE58F221D7EDE004FEC1A /* SearchResultRouter.swift in Sources */ = {isa = PBXBuildFile; fileRef = 173AE58E221D7EDE004FEC1A /* SearchResultRouter.swift */; };
		173AE591221D7F89004FEC1A /* SearchResultViewPresenter.swift in Sources */ = {isa = PBXBuildFile; fileRef = 173AE590221D7F89004FEC1A /* SearchResultViewPresenter.swift */; };
		173AE59F221D9261004FEC1A /* RepositoryCell.swift in Sources */ = {isa = PBXBuildFile; fileRef = 173AE59D221D9261004FEC1A /* RepositoryCell.swift */; };
		173AE5A0221D9261004FEC1A /* RepositoryCell.xib in Resources */ = {isa = PBXBuildFile; fileRef = 173AE59E221D9261004FEC1A /* RepositoryCell.xib */; };
		173D23A0223765C000728D85 /* String+extension.swift in Sources */ = {isa = PBXBuildFile; fileRef = 173D239F223765C000728D85 /* String+extension.swift */; };
		1753EB93222BB507009BBDB5 /* ReleaseCell.swift in Sources */ = {isa = PBXBuildFile; fileRef = 1753EB92222BB507009BBDB5 /* ReleaseCell.swift */; };
		1753EB9A222BC1F4009BBDB5 /* Readme.swift in Sources */ = {isa = PBXBuildFile; fileRef = 1753EB99222BC1F4009BBDB5 /* Readme.swift */; };
		1753EB9D222BD171009BBDB5 /* SearchReadmeInteractor.swift in Sources */ = {isa = PBXBuildFile; fileRef = 1753EB9C222BD171009BBDB5 /* SearchReadmeInteractor.swift */; };
		1753EBA0222CD895009BBDB5 /* RepositoryContentCell.swift in Sources */ = {isa = PBXBuildFile; fileRef = 1753EB9E222CD895009BBDB5 /* RepositoryContentCell.swift */; };
		17744DAF221EDD8A009D5A83 /* RepositoryDetailContract.swift in Sources */ = {isa = PBXBuildFile; fileRef = 17744DAE221EDD8A009D5A83 /* RepositoryDetailContract.swift */; };
		17744DB1221EE21E009D5A83 /* RepositoryDetailPageViewController.swift in Sources */ = {isa = PBXBuildFile; fileRef = 17744DB0221EE21E009D5A83 /* RepositoryDetailPageViewController.swift */; };
		17744DB3221EE353009D5A83 /* RepositoryDetailPageViewPresenter.swift in Sources */ = {isa = PBXBuildFile; fileRef = 17744DB2221EE353009D5A83 /* RepositoryDetailPageViewPresenter.swift */; };
		17744DB5221EE49C009D5A83 /* RepositoryDetailPageRouter.swift in Sources */ = {isa = PBXBuildFile; fileRef = 17744DB4221EE49C009D5A83 /* RepositoryDetailPageRouter.swift */; };
		17744DBA221EF6CD009D5A83 /* RepositoryReadmeViewController.swift in Sources */ = {isa = PBXBuildFile; fileRef = 17744DB8221EF6CD009D5A83 /* RepositoryReadmeViewController.swift */; };
		17744DBB221EF6CD009D5A83 /* RepositoryReadmeViewController.xib in Resources */ = {isa = PBXBuildFile; fileRef = 17744DB9221EF6CD009D5A83 /* RepositoryReadmeViewController.xib */; };
		17744DC0221EF7C6009D5A83 /* RepositoryReadmeViewPresenter.swift in Sources */ = {isa = PBXBuildFile; fileRef = 17744DBF221EF7C6009D5A83 /* RepositoryReadmeViewPresenter.swift */; };
		17744DC2221EF7E0009D5A83 /* RepositoryReadmeContract.swift in Sources */ = {isa = PBXBuildFile; fileRef = 17744DC1221EF7E0009D5A83 /* RepositoryReadmeContract.swift */; };
		17744DC4221EF7F3009D5A83 /* RepositoryReadmeRouter.swift in Sources */ = {isa = PBXBuildFile; fileRef = 17744DC3221EF7F3009D5A83 /* RepositoryReadmeRouter.swift */; };
		17A420C522394B6600A2ED6E /* ActionClosurable.framework in Frameworks */ = {isa = PBXBuildFile; fileRef = 17A420C322394B6600A2ED6E /* ActionClosurable.framework */; };
		17A420C622394B6600A2ED6E /* Nuke.framework in Frameworks */ = {isa = PBXBuildFile; fileRef = 17A420C422394B6600A2ED6E /* Nuke.framework */; };
		17A420CA223A073900A2ED6E /* Realm.framework in Frameworks */ = {isa = PBXBuildFile; fileRef = 17A420C8223A073900A2ED6E /* Realm.framework */; };
		17A420CB223A073900A2ED6E /* RealmSwift.framework in Frameworks */ = {isa = PBXBuildFile; fileRef = 17A420C9223A073900A2ED6E /* RealmSwift.framework */; };
		17A420DE223D378800A2ED6E /* SearchOptionsHistoryObject.swift in Sources */ = {isa = PBXBuildFile; fileRef = 17A420DD223D378800A2ED6E /* SearchOptionsHistoryObject.swift */; };
		17A420E1223DD5E800A2ED6E /* SearchOptions.swift in Sources */ = {isa = PBXBuildFile; fileRef = 17A420E0223DD5E800A2ED6E /* SearchOptions.swift */; };
		17A420E3223DD65600A2ED6E /* SearchOptionsObject.swift in Sources */ = {isa = PBXBuildFile; fileRef = 17A420E2223DD65600A2ED6E /* SearchOptionsObject.swift */; };
		17A420E6223E28E400A2ED6E /* Storable.swift in Sources */ = {isa = PBXBuildFile; fileRef = 17A420E5223E28E400A2ED6E /* Storable.swift */; };
		17FDB8182216FD410033BBA0 /* AppDelegate.swift in Sources */ = {isa = PBXBuildFile; fileRef = 17FDB8172216FD410033BBA0 /* AppDelegate.swift */; };
		17FDB81F2216FD420033BBA0 /* Assets.xcassets in Resources */ = {isa = PBXBuildFile; fileRef = 17FDB81E2216FD420033BBA0 /* Assets.xcassets */; };
		17FDB8222216FD420033BBA0 /* LaunchScreen.storyboard in Resources */ = {isa = PBXBuildFile; fileRef = 17FDB8202216FD420033BBA0 /* LaunchScreen.storyboard */; };
		17FDB82D2216FD420033BBA0 /* githubTests.swift in Sources */ = {isa = PBXBuildFile; fileRef = 17FDB82C2216FD420033BBA0 /* githubTests.swift */; };
		3EYI3EX3OFKMDNK9D6FF7CI2 /* SearchOptionsHistoryInteractor.swift in Sources */ = {isa = PBXBuildFile; fileRef = NM941NTOA2MIV58G0ZY9JACT /* SearchOptionsHistoryInteractor.swift */; };
/* End PBXBuildFile section */

/* Begin PBXContainerItemProxy section */
		17FDB8292216FD420033BBA0 /* PBXContainerItemProxy */ = {
			isa = PBXContainerItemProxy;
			containerPortal = 17FDB80C2216FD410033BBA0 /* Project object */;
			proxyType = 1;
			remoteGlobalIDString = 17FDB8132216FD410033BBA0;
			remoteInfo = github;
		};
/* End PBXContainerItemProxy section */

/* Begin PBXFileReference section */
		17044BFA221FA85900377FC2 /* RepositoryContentListContract.swift */ = {isa = PBXFileReference; lastKnownFileType = sourcecode.swift; path = RepositoryContentListContract.swift; sourceTree = "<group>"; };
		17044BFC221FA8C100377FC2 /* RepositoryContentListViewController.swift */ = {isa = PBXFileReference; lastKnownFileType = sourcecode.swift; path = RepositoryContentListViewController.swift; sourceTree = "<group>"; };
		17044C00221FA8FE00377FC2 /* RepositoryContentListViewPresenter.swift */ = {isa = PBXFileReference; lastKnownFileType = sourcecode.swift; path = RepositoryContentListViewPresenter.swift; sourceTree = "<group>"; };
		17044C02221FA97000377FC2 /* RepositoryContentListRouter.swift */ = {isa = PBXFileReference; lastKnownFileType = sourcecode.swift; path = RepositoryContentListRouter.swift; sourceTree = "<group>"; };
		17044C092224190500377FC2 /* RepositoryReleaseContract.swift */ = {isa = PBXFileReference; lastKnownFileType = sourcecode.swift; path = RepositoryReleaseContract.swift; sourceTree = "<group>"; };
		17044C0B2224199800377FC2 /* RepositoryReleaseViewController.swift */ = {isa = PBXFileReference; lastKnownFileType = sourcecode.swift; path = RepositoryReleaseViewController.swift; sourceTree = "<group>"; };
		17044C0F22241A4400377FC2 /* RepositoryReleaseViewPresenter.swift */ = {isa = PBXFileReference; lastKnownFileType = sourcecode.swift; path = RepositoryReleaseViewPresenter.swift; sourceTree = "<group>"; };
		17044C1122241BBB00377FC2 /* RepositoryReleaseRouter.swift */ = {isa = PBXFileReference; lastKnownFileType = sourcecode.swift; path = RepositoryReleaseRouter.swift; sourceTree = "<group>"; };
		17044C172228E4D900377FC2 /* RepositoryContent.swift */ = {isa = PBXFileReference; lastKnownFileType = sourcecode.swift; path = RepositoryContent.swift; sourceTree = "<group>"; };
		17044C32222A7BF100377FC2 /* GitHubRepositoryInteractor.swift */ = {isa = PBXFileReference; lastKnownFileType = sourcecode.swift; path = GitHubRepositoryInteractor.swift; sourceTree = "<group>"; };
		17044C38222A7DC100377FC2 /* GitHubRepositoryContentsInteractor.swift */ = {isa = PBXFileReference; lastKnownFileType = sourcecode.swift; path = GitHubRepositoryContentsInteractor.swift; sourceTree = "<group>"; };
		17044C3A222A827A00377FC2 /* Release.swift */ = {isa = PBXFileReference; lastKnownFileType = sourcecode.swift; path = Release.swift; sourceTree = "<group>"; };
		17044C3D222A864100377FC2 /* GitHubReleaseInteractor.swift */ = {isa = PBXFileReference; lastKnownFileType = sourcecode.swift; path = GitHubReleaseInteractor.swift; sourceTree = "<group>"; };
		170843FD223402A400859658 /* RepositoryContentContract.swift */ = {isa = PBXFileReference; lastKnownFileType = sourcecode.swift; path = RepositoryContentContract.swift; sourceTree = "<group>"; };
		170843FF2234030300859658 /* RepositoryContentViewController.swift */ = {isa = PBXFileReference; lastKnownFileType = sourcecode.swift; path = RepositoryContentViewController.swift; sourceTree = "<group>"; };
		170844002234030300859658 /* RepositoryContentViewController.xib */ = {isa = PBXFileReference; lastKnownFileType = file.xib; path = RepositoryContentViewController.xib; sourceTree = "<group>"; };
		170844032234038800859658 /* RepositoryContentViewPresenter.swift */ = {isa = PBXFileReference; lastKnownFileType = sourcecode.swift; path = RepositoryContentViewPresenter.swift; sourceTree = "<group>"; };
		170844052234041900859658 /* RepositoryContentRouter.swift */ = {isa = PBXFileReference; lastKnownFileType = sourcecode.swift; path = RepositoryContentRouter.swift; sourceTree = "<group>"; };
		1708440722353CB900859658 /* Color.xcassets */ = {isa = PBXFileReference; lastKnownFileType = folder.assetcatalog; path = Color.xcassets; sourceTree = "<group>"; };
		1708440922353EBF00859658 /* UIColor+extension.swift */ = {isa = PBXFileReference; lastKnownFileType = sourcecode.swift; path = "UIColor+extension.swift"; sourceTree = "<group>"; };
		1708440B2236992C00859658 /* UIImageView+extension.swift */ = {isa = PBXFileReference; lastKnownFileType = sourcecode.swift; path = "UIImageView+extension.swift"; sourceTree = "<group>"; };
		173AE55C2217008A004FEC1A /* User.swift */ = {isa = PBXFileReference; fileEncoding = 4; lastKnownFileType = sourcecode.swift; path = User.swift; sourceTree = "<group>"; };
		173AE55D2217008A004FEC1A /* Repository.swift */ = {isa = PBXFileReference; fileEncoding = 4; lastKnownFileType = sourcecode.swift; path = Repository.swift; sourceTree = "<group>"; };
		173AE55E2217008A004FEC1A /* SearchResponse.swift */ = {isa = PBXFileReference; fileEncoding = 4; lastKnownFileType = sourcecode.swift; path = SearchResponse.swift; sourceTree = "<group>"; };
		173AE5602217008A004FEC1A /* GitHubAPI.swift */ = {isa = PBXFileReference; fileEncoding = 4; lastKnownFileType = sourcecode.swift; path = GitHubAPI.swift; sourceTree = "<group>"; };
		173AE5612217008A004FEC1A /* HTTPMethod.swift */ = {isa = PBXFileReference; fileEncoding = 4; lastKnownFileType = sourcecode.swift; path = HTTPMethod.swift; sourceTree = "<group>"; };
		173AE5622217008A004FEC1A /* GitHubRequest.swift */ = {isa = PBXFileReference; fileEncoding = 4; lastKnownFileType = sourcecode.swift; path = GitHubRequest.swift; sourceTree = "<group>"; };
		173AE5632217008A004FEC1A /* GitHubClient.swift */ = {isa = PBXFileReference; fileEncoding = 4; lastKnownFileType = sourcecode.swift; path = GitHubClient.swift; sourceTree = "<group>"; };
		173AE5652217008A004FEC1A /* GitHubAPIError.swift */ = {isa = PBXFileReference; fileEncoding = 4; lastKnownFileType = sourcecode.swift; path = GitHubAPIError.swift; sourceTree = "<group>"; };
		173AE5662217008A004FEC1A /* GitHubClientError.swift */ = {isa = PBXFileReference; fileEncoding = 4; lastKnownFileType = sourcecode.swift; path = GitHubClientError.swift; sourceTree = "<group>"; };
		173AE57B221D06C3004FEC1A /* UITableView+extension.swift */ = {isa = PBXFileReference; lastKnownFileType = sourcecode.swift; path = "UITableView+extension.swift"; sourceTree = "<group>"; };
		173AE57D221D06D5004FEC1A /* UITableViewCell+extension.swift */ = {isa = PBXFileReference; lastKnownFileType = sourcecode.swift; path = "UITableViewCell+extension.swift"; sourceTree = "<group>"; };
		173AE581221D7BF1004FEC1A /* SearchResultViewController.swift */ = {isa = PBXFileReference; lastKnownFileType = sourcecode.swift; path = SearchResultViewController.swift; sourceTree = "<group>"; };
		173AE585221D7C68004FEC1A /* RootRouter.swift */ = {isa = PBXFileReference; lastKnownFileType = sourcecode.swift; path = RootRouter.swift; sourceTree = "<group>"; };
		173AE58C221D7E70004FEC1A /* SearchResultContract.swift */ = {isa = PBXFileReference; lastKnownFileType = sourcecode.swift; path = SearchResultContract.swift; sourceTree = "<group>"; };
		173AE58E221D7EDE004FEC1A /* SearchResultRouter.swift */ = {isa = PBXFileReference; lastKnownFileType = sourcecode.swift; path = SearchResultRouter.swift; sourceTree = "<group>"; };
		173AE590221D7F89004FEC1A /* SearchResultViewPresenter.swift */ = {isa = PBXFileReference; lastKnownFileType = sourcecode.swift; path = SearchResultViewPresenter.swift; sourceTree = "<group>"; };
		173AE59D221D9261004FEC1A /* RepositoryCell.swift */ = {isa = PBXFileReference; lastKnownFileType = sourcecode.swift; path = RepositoryCell.swift; sourceTree = "<group>"; };
		173AE59E221D9261004FEC1A /* RepositoryCell.xib */ = {isa = PBXFileReference; lastKnownFileType = file.xib; path = RepositoryCell.xib; sourceTree = "<group>"; };
		173D239F223765C000728D85 /* String+extension.swift */ = {isa = PBXFileReference; lastKnownFileType = sourcecode.swift; path = "String+extension.swift"; sourceTree = "<group>"; };
		1753EB92222BB507009BBDB5 /* ReleaseCell.swift */ = {isa = PBXFileReference; lastKnownFileType = sourcecode.swift; path = ReleaseCell.swift; sourceTree = "<group>"; };
		1753EB99222BC1F4009BBDB5 /* Readme.swift */ = {isa = PBXFileReference; lastKnownFileType = sourcecode.swift; path = Readme.swift; sourceTree = "<group>"; };
		1753EB9C222BD171009BBDB5 /* SearchReadmeInteractor.swift */ = {isa = PBXFileReference; lastKnownFileType = sourcecode.swift; path = SearchReadmeInteractor.swift; sourceTree = "<group>"; };
		1753EB9E222CD895009BBDB5 /* RepositoryContentCell.swift */ = {isa = PBXFileReference; lastKnownFileType = sourcecode.swift; path = RepositoryContentCell.swift; sourceTree = "<group>"; };
		17744DAE221EDD8A009D5A83 /* RepositoryDetailContract.swift */ = {isa = PBXFileReference; lastKnownFileType = sourcecode.swift; path = RepositoryDetailContract.swift; sourceTree = "<group>"; };
		17744DB0221EE21E009D5A83 /* RepositoryDetailPageViewController.swift */ = {isa = PBXFileReference; lastKnownFileType = sourcecode.swift; path = RepositoryDetailPageViewController.swift; sourceTree = "<group>"; };
		17744DB2221EE353009D5A83 /* RepositoryDetailPageViewPresenter.swift */ = {isa = PBXFileReference; lastKnownFileType = sourcecode.swift; path = RepositoryDetailPageViewPresenter.swift; sourceTree = "<group>"; };
		17744DB4221EE49C009D5A83 /* RepositoryDetailPageRouter.swift */ = {isa = PBXFileReference; lastKnownFileType = sourcecode.swift; path = RepositoryDetailPageRouter.swift; sourceTree = "<group>"; };
		17744DB8221EF6CD009D5A83 /* RepositoryReadmeViewController.swift */ = {isa = PBXFileReference; lastKnownFileType = sourcecode.swift; path = RepositoryReadmeViewController.swift; sourceTree = "<group>"; };
		17744DB9221EF6CD009D5A83 /* RepositoryReadmeViewController.xib */ = {isa = PBXFileReference; lastKnownFileType = file.xib; path = RepositoryReadmeViewController.xib; sourceTree = "<group>"; };
		17744DBF221EF7C6009D5A83 /* RepositoryReadmeViewPresenter.swift */ = {isa = PBXFileReference; lastKnownFileType = sourcecode.swift; path = RepositoryReadmeViewPresenter.swift; sourceTree = "<group>"; };
		17744DC1221EF7E0009D5A83 /* RepositoryReadmeContract.swift */ = {isa = PBXFileReference; lastKnownFileType = sourcecode.swift; path = RepositoryReadmeContract.swift; sourceTree = "<group>"; };
		17744DC3221EF7F3009D5A83 /* RepositoryReadmeRouter.swift */ = {isa = PBXFileReference; lastKnownFileType = sourcecode.swift; path = RepositoryReadmeRouter.swift; sourceTree = "<group>"; };
		17A420C322394B6600A2ED6E /* ActionClosurable.framework */ = {isa = PBXFileReference; lastKnownFileType = wrapper.framework; name = ActionClosurable.framework; path = Carthage/Build/iOS/ActionClosurable.framework; sourceTree = "<group>"; };
		17A420C422394B6600A2ED6E /* Nuke.framework */ = {isa = PBXFileReference; lastKnownFileType = wrapper.framework; name = Nuke.framework; path = Carthage/Build/iOS/Nuke.framework; sourceTree = "<group>"; };
		17A420C8223A073900A2ED6E /* Realm.framework */ = {isa = PBXFileReference; lastKnownFileType = wrapper.framework; name = Realm.framework; path = Carthage/Build/iOS/Realm.framework; sourceTree = "<group>"; };
		17A420C9223A073900A2ED6E /* RealmSwift.framework */ = {isa = PBXFileReference; lastKnownFileType = wrapper.framework; name = RealmSwift.framework; path = Carthage/Build/iOS/RealmSwift.framework; sourceTree = "<group>"; };
		17A420DD223D378800A2ED6E /* SearchOptionsHistoryObject.swift */ = {isa = PBXFileReference; lastKnownFileType = sourcecode.swift; path = SearchOptionsHistoryObject.swift; sourceTree = "<group>"; };
		17A420E0223DD5E800A2ED6E /* SearchOptions.swift */ = {isa = PBXFileReference; lastKnownFileType = sourcecode.swift; path = SearchOptions.swift; sourceTree = "<group>"; };
		17A420E2223DD65600A2ED6E /* SearchOptionsObject.swift */ = {isa = PBXFileReference; lastKnownFileType = sourcecode.swift; path = SearchOptionsObject.swift; sourceTree = "<group>"; };
		17A420E5223E28E400A2ED6E /* Storable.swift */ = {isa = PBXFileReference; lastKnownFileType = sourcecode.swift; path = Storable.swift; sourceTree = "<group>"; };
		17FDB8142216FD410033BBA0 /* github.app */ = {isa = PBXFileReference; explicitFileType = wrapper.application; includeInIndex = 0; path = github.app; sourceTree = BUILT_PRODUCTS_DIR; };
		17FDB8172216FD410033BBA0 /* AppDelegate.swift */ = {isa = PBXFileReference; lastKnownFileType = sourcecode.swift; path = AppDelegate.swift; sourceTree = "<group>"; };
		17FDB81E2216FD420033BBA0 /* Assets.xcassets */ = {isa = PBXFileReference; lastKnownFileType = folder.assetcatalog; path = Assets.xcassets; sourceTree = "<group>"; };
		17FDB8212216FD420033BBA0 /* Base */ = {isa = PBXFileReference; lastKnownFileType = file.storyboard; name = Base; path = Base.lproj/LaunchScreen.storyboard; sourceTree = "<group>"; };
		17FDB8232216FD420033BBA0 /* Info.plist */ = {isa = PBXFileReference; lastKnownFileType = text.plist.xml; path = Info.plist; sourceTree = "<group>"; };
		17FDB8282216FD420033BBA0 /* githubTests.xctest */ = {isa = PBXFileReference; explicitFileType = wrapper.cfbundle; includeInIndex = 0; path = githubTests.xctest; sourceTree = BUILT_PRODUCTS_DIR; };
		17FDB82C2216FD420033BBA0 /* githubTests.swift */ = {isa = PBXFileReference; lastKnownFileType = sourcecode.swift; path = githubTests.swift; sourceTree = "<group>"; };
		17FDB82E2216FD420033BBA0 /* Info.plist */ = {isa = PBXFileReference; lastKnownFileType = text.plist.xml; path = Info.plist; sourceTree = "<group>"; };
		NM941NTOA2MIV58G0ZY9JACT /* SearchOptionsHistoryInteractor.swift */ = {isa = PBXFileReference; fileEncoding = 4; lastKnownFileType = sourcecode.swift; path = SearchOptionsHistoryInteractor.swift; sourceTree = "<group>"; };
/* End PBXFileReference section */

/* Begin PBXFrameworksBuildPhase section */
		17FDB8112216FD410033BBA0 /* Frameworks */ = {
			isa = PBXFrameworksBuildPhase;
			buildActionMask = 2147483647;
			files = (
				17A420CA223A073900A2ED6E /* Realm.framework in Frameworks */,
				17A420CB223A073900A2ED6E /* RealmSwift.framework in Frameworks */,
				17A420C522394B6600A2ED6E /* ActionClosurable.framework in Frameworks */,
				17A420C622394B6600A2ED6E /* Nuke.framework in Frameworks */,
			);
			runOnlyForDeploymentPostprocessing = 0;
		};
		17FDB8252216FD420033BBA0 /* Frameworks */ = {
			isa = PBXFrameworksBuildPhase;
			buildActionMask = 2147483647;
			files = (
			);
			runOnlyForDeploymentPostprocessing = 0;
		};
/* End PBXFrameworksBuildPhase section */

/* Begin PBXGroup section */
		17044BF4221F028C00377FC2 /* RepositoryDetail */ = {
			isa = PBXGroup;
			children = (
				17744DA9221EDCEF009D5A83 /* RepositoryDetailPage */,
				17744DB6221EF61B009D5A83 /* RepositoryReadme */,
				17044BF5221FA81500377FC2 /* RepositoryContentList */,
				170843F82233D1CC00859658 /* RepositoryContent */,
				17044C04222414D300377FC2 /* RepositoryRelease */,
			);
			path = RepositoryDetail;
			sourceTree = "<group>";
		};
		17044BF5221FA81500377FC2 /* RepositoryContentList */ = {
			isa = PBXGroup;
			children = (
				17044BF9221FA83800377FC2 /* view */,
				17044BF8221FA83200377FC2 /* presenter */,
				17044BF7221FA82B00377FC2 /* router */,
				17044BF6221FA82300377FC2 /* contract */,
			);
			path = RepositoryContentList;
			sourceTree = "<group>";
		};
		17044BF6221FA82300377FC2 /* contract */ = {
			isa = PBXGroup;
			children = (
				17044BFA221FA85900377FC2 /* RepositoryContentListContract.swift */,
			);
			path = contract;
			sourceTree = "<group>";
		};
		17044BF7221FA82B00377FC2 /* router */ = {
			isa = PBXGroup;
			children = (
				17044C02221FA97000377FC2 /* RepositoryContentListRouter.swift */,
			);
			path = router;
			sourceTree = "<group>";
		};
		17044BF8221FA83200377FC2 /* presenter */ = {
			isa = PBXGroup;
			children = (
				17044C00221FA8FE00377FC2 /* RepositoryContentListViewPresenter.swift */,
			);
			path = presenter;
			sourceTree = "<group>";
		};
		17044BF9221FA83800377FC2 /* view */ = {
			isa = PBXGroup;
			children = (
				17044BFC221FA8C100377FC2 /* RepositoryContentListViewController.swift */,
				17044C24222A5B7000377FC2 /* cell */,
			);
			path = view;
			sourceTree = "<group>";
		};
		17044C04222414D300377FC2 /* RepositoryRelease */ = {
			isa = PBXGroup;
			children = (
				17044C082224151A00377FC2 /* view */,
				17044C072224150A00377FC2 /* presenter */,
				17044C062224150300377FC2 /* router */,
				17044C05222414F600377FC2 /* contract */,
			);
			path = RepositoryRelease;
			sourceTree = "<group>";
		};
		17044C05222414F600377FC2 /* contract */ = {
			isa = PBXGroup;
			children = (
				17044C092224190500377FC2 /* RepositoryReleaseContract.swift */,
			);
			path = contract;
			sourceTree = "<group>";
		};
		17044C062224150300377FC2 /* router */ = {
			isa = PBXGroup;
			children = (
				17044C1122241BBB00377FC2 /* RepositoryReleaseRouter.swift */,
			);
			path = router;
			sourceTree = "<group>";
		};
		17044C072224150A00377FC2 /* presenter */ = {
			isa = PBXGroup;
			children = (
				17044C0F22241A4400377FC2 /* RepositoryReleaseViewPresenter.swift */,
			);
			path = presenter;
			sourceTree = "<group>";
		};
		17044C082224151A00377FC2 /* view */ = {
			isa = PBXGroup;
			children = (
				17044C0B2224199800377FC2 /* RepositoryReleaseViewController.swift */,
				1753EB91222BB4D7009BBDB5 /* cell */,
			);
			path = view;
			sourceTree = "<group>";
		};
		17044C24222A5B7000377FC2 /* cell */ = {
			isa = PBXGroup;
			children = (
				1753EB9E222CD895009BBDB5 /* RepositoryContentCell.swift */,
			);
			path = cell;
			sourceTree = "<group>";
		};
		17044C30222A7BB800377FC2 /* GitHubRepository */ = {
			isa = PBXGroup;
			children = (
				17044C32222A7BF100377FC2 /* GitHubRepositoryInteractor.swift */,
			);
			path = GitHubRepository;
			sourceTree = "<group>";
		};
		17044C37222A7D9400377FC2 /* GitHubRepositoryContents */ = {
			isa = PBXGroup;
			children = (
				17044C38222A7DC100377FC2 /* GitHubRepositoryContentsInteractor.swift */,
			);
			path = GitHubRepositoryContents;
			sourceTree = "<group>";
		};
		17044C3C222A860C00377FC2 /* GitHubRelease */ = {
			isa = PBXGroup;
			children = (
				17044C3D222A864100377FC2 /* GitHubReleaseInteractor.swift */,
			);
			path = GitHubRelease;
			sourceTree = "<group>";
		};
		170843F82233D1CC00859658 /* RepositoryContent */ = {
			isa = PBXGroup;
			children = (
				170843FC2233DDE400859658 /* view */,
				170843FB2233DDBD00859658 /* presenter */,
				170843FA2233DDB700859658 /* router */,
				170843F92233DDA800859658 /* contract */,
			);
			path = RepositoryContent;
			sourceTree = "<group>";
		};
		170843F92233DDA800859658 /* contract */ = {
			isa = PBXGroup;
			children = (
				170843FD223402A400859658 /* RepositoryContentContract.swift */,
			);
			path = contract;
			sourceTree = "<group>";
		};
		170843FA2233DDB700859658 /* router */ = {
			isa = PBXGroup;
			children = (
				170844052234041900859658 /* RepositoryContentRouter.swift */,
			);
			path = router;
			sourceTree = "<group>";
		};
		170843FB2233DDBD00859658 /* presenter */ = {
			isa = PBXGroup;
			children = (
				170844032234038800859658 /* RepositoryContentViewPresenter.swift */,
			);
			path = presenter;
			sourceTree = "<group>";
		};
		170843FC2233DDE400859658 /* view */ = {
			isa = PBXGroup;
			children = (
				170843FF2234030300859658 /* RepositoryContentViewController.swift */,
				170844002234030300859658 /* RepositoryContentViewController.xib */,
			);
			path = view;
			sourceTree = "<group>";
		};
		173AE5572216FFFD004FEC1A /* data */ = {
			isa = PBXGroup;
			children = (
				17A420D9223D344300A2ED6E /* interactor */,
				17A420DA223D345A00A2ED6E /* api */,
				17A420E4223E28D300A2ED6E /* store */,
			);
			path = data;
			sourceTree = "<group>";
		};
		173AE55A2217008A004FEC1A /* GitHubClient */ = {
			isa = PBXGroup;
			children = (
				173AE5632217008A004FEC1A /* GitHubClient.swift */,
				173AE55F2217008A004FEC1A /* Request */,
				173AE5642217008A004FEC1A /* Error */,
			);
			path = GitHubClient;
			sourceTree = "<group>";
		};
		173AE55F2217008A004FEC1A /* Request */ = {
			isa = PBXGroup;
			children = (
				173AE5602217008A004FEC1A /* GitHubAPI.swift */,
				173AE5612217008A004FEC1A /* HTTPMethod.swift */,
				173AE5622217008A004FEC1A /* GitHubRequest.swift */,
			);
			path = Request;
			sourceTree = "<group>";
		};
		173AE5642217008A004FEC1A /* Error */ = {
			isa = PBXGroup;
			children = (
				173AE5652217008A004FEC1A /* GitHubAPIError.swift */,
				173AE5662217008A004FEC1A /* GitHubClientError.swift */,
			);
			path = Error;
			sourceTree = "<group>";
		};
		173AE57A221D06A8004FEC1A /* extensions */ = {
			isa = PBXGroup;
			children = (
				173AE57B221D06C3004FEC1A /* UITableView+extension.swift */,
				173AE57D221D06D5004FEC1A /* UITableViewCell+extension.swift */,
				1708440922353EBF00859658 /* UIColor+extension.swift */,
				1708440B2236992C00859658 /* UIImageView+extension.swift */,
				173D239F223765C000728D85 /* String+extension.swift */,
			);
			path = extensions;
			sourceTree = "<group>";
		};
		173AE57F221D7BBD004FEC1A /* modules */ = {
			isa = PBXGroup;
			children = (
				173AE584221D7C52004FEC1A /* Root */,
				173AE583221D7C39004FEC1A /* SearchResult */,
				17044BF4221F028C00377FC2 /* RepositoryDetail */,
			);
			path = modules;
			sourceTree = "<group>";
		};
		173AE580221D7BCB004FEC1A /* view */ = {
			isa = PBXGroup;
			children = (
				173AE581221D7BF1004FEC1A /* SearchResultViewController.swift */,
				173AE59C221D923E004FEC1A /* cell */,
			);
			path = view;
			sourceTree = "<group>";
		};
		173AE583221D7C39004FEC1A /* SearchResult */ = {
			isa = PBXGroup;
			children = (
				173AE580221D7BCB004FEC1A /* view */,
				173AE589221D7E47004FEC1A /* presenter */,
				173AE58A221D7E52004FEC1A /* router */,
				173AE58B221D7E58004FEC1A /* contract */,
			);
			path = SearchResult;
			sourceTree = "<group>";
		};
		173AE584221D7C52004FEC1A /* Root */ = {
			isa = PBXGroup;
			children = (
				173AE585221D7C68004FEC1A /* RootRouter.swift */,
			);
			path = Root;
			sourceTree = "<group>";
		};
		173AE587221D7CF2004FEC1A /* application */ = {
			isa = PBXGroup;
			children = (
				17FDB8172216FD410033BBA0 /* AppDelegate.swift */,
				17FDB8232216FD420033BBA0 /* Info.plist */,
			);
			path = application;
			sourceTree = "<group>";
		};
		173AE588221D7D04004FEC1A /* resources */ = {
			isa = PBXGroup;
			children = (
				17FDB81E2216FD420033BBA0 /* Assets.xcassets */,
				1708440722353CB900859658 /* Color.xcassets */,
				17FDB8202216FD420033BBA0 /* LaunchScreen.storyboard */,
			);
			path = resources;
			sourceTree = "<group>";
		};
		173AE589221D7E47004FEC1A /* presenter */ = {
			isa = PBXGroup;
			children = (
				173AE590221D7F89004FEC1A /* SearchResultViewPresenter.swift */,
			);
			path = presenter;
			sourceTree = "<group>";
		};
		173AE58A221D7E52004FEC1A /* router */ = {
			isa = PBXGroup;
			children = (
				173AE58E221D7EDE004FEC1A /* SearchResultRouter.swift */,
			);
			path = router;
			sourceTree = "<group>";
		};
		173AE58B221D7E58004FEC1A /* contract */ = {
			isa = PBXGroup;
			children = (
				173AE58C221D7E70004FEC1A /* SearchResultContract.swift */,
			);
			path = contract;
			sourceTree = "<group>";
		};
		173AE59A221D875F004FEC1A /* entities */ = {
			isa = PBXGroup;
			children = (
				173AE59B221D8780004FEC1A /* GitHub */,
				17A420DF223DD5D200A2ED6E /* SearchOptions */,
			);
			path = entities;
			sourceTree = "<group>";
		};
		173AE59B221D8780004FEC1A /* GitHub */ = {
			isa = PBXGroup;
			children = (
				173AE55E2217008A004FEC1A /* SearchResponse.swift */,
				173AE55C2217008A004FEC1A /* User.swift */,
				173AE55D2217008A004FEC1A /* Repository.swift */,
				17044C172228E4D900377FC2 /* RepositoryContent.swift */,
				17044C3A222A827A00377FC2 /* Release.swift */,
				1753EB99222BC1F4009BBDB5 /* Readme.swift */,
			);
			path = GitHub;
			sourceTree = "<group>";
		};
		173AE59C221D923E004FEC1A /* cell */ = {
			isa = PBXGroup;
			children = (
				173AE59D221D9261004FEC1A /* RepositoryCell.swift */,
				173AE59E221D9261004FEC1A /* RepositoryCell.xib */,
			);
			path = cell;
			sourceTree = "<group>";
		};
		1753EB91222BB4D7009BBDB5 /* cell */ = {
			isa = PBXGroup;
			children = (
				1753EB92222BB507009BBDB5 /* ReleaseCell.swift */,
			);
			path = cell;
			sourceTree = "<group>";
		};
		1753EB9B222BD13D009BBDB5 /* GitHubReadme */ = {
			isa = PBXGroup;
			children = (
				1753EB9C222BD171009BBDB5 /* SearchReadmeInteractor.swift */,
			);
			path = GitHubReadme;
			sourceTree = "<group>";
		};
		17744DA9221EDCEF009D5A83 /* RepositoryDetailPage */ = {
			isa = PBXGroup;
			children = (
				17744DAD221EDD1F009D5A83 /* view */,
				17744DAC221EDD17009D5A83 /* presenter */,
				17744DAB221EDD11009D5A83 /* router */,
				17744DAA221EDD09009D5A83 /* contract */,
			);
			path = RepositoryDetailPage;
			sourceTree = "<group>";
		};
		17744DAA221EDD09009D5A83 /* contract */ = {
			isa = PBXGroup;
			children = (
				17744DAE221EDD8A009D5A83 /* RepositoryDetailContract.swift */,
			);
			path = contract;
			sourceTree = "<group>";
		};
		17744DAB221EDD11009D5A83 /* router */ = {
			isa = PBXGroup;
			children = (
				17744DB4221EE49C009D5A83 /* RepositoryDetailPageRouter.swift */,
			);
			path = router;
			sourceTree = "<group>";
		};
		17744DAC221EDD17009D5A83 /* presenter */ = {
			isa = PBXGroup;
			children = (
				17744DB2221EE353009D5A83 /* RepositoryDetailPageViewPresenter.swift */,
			);
			path = presenter;
			sourceTree = "<group>";
		};
		17744DAD221EDD1F009D5A83 /* view */ = {
			isa = PBXGroup;
			children = (
				17744DB0221EE21E009D5A83 /* RepositoryDetailPageViewController.swift */,
			);
			path = view;
			sourceTree = "<group>";
		};
		17744DB6221EF61B009D5A83 /* RepositoryReadme */ = {
			isa = PBXGroup;
			children = (
				17744DB7221EF6A9009D5A83 /* view */,
				17744DBE221EF6F2009D5A83 /* presenter */,
				17744DBC221EF6D8009D5A83 /* router */,
				17744DBD221EF6E9009D5A83 /* contract */,
			);
			path = RepositoryReadme;
			sourceTree = "<group>";
		};
		17744DB7221EF6A9009D5A83 /* view */ = {
			isa = PBXGroup;
			children = (
				17744DB8221EF6CD009D5A83 /* RepositoryReadmeViewController.swift */,
				17744DB9221EF6CD009D5A83 /* RepositoryReadmeViewController.xib */,
			);
			path = view;
			sourceTree = "<group>";
		};
		17744DBC221EF6D8009D5A83 /* router */ = {
			isa = PBXGroup;
			children = (
				17744DC3221EF7F3009D5A83 /* RepositoryReadmeRouter.swift */,
			);
			path = router;
			sourceTree = "<group>";
		};
		17744DBD221EF6E9009D5A83 /* contract */ = {
			isa = PBXGroup;
			children = (
				17744DC1221EF7E0009D5A83 /* RepositoryReadmeContract.swift */,
			);
			path = contract;
			sourceTree = "<group>";
		};
		17744DBE221EF6F2009D5A83 /* presenter */ = {
			isa = PBXGroup;
			children = (
				17744DBF221EF7C6009D5A83 /* RepositoryReadmeViewPresenter.swift */,
			);
			path = presenter;
			sourceTree = "<group>";
		};
		17A420D9223D344300A2ED6E /* interactor */ = {
			isa = PBXGroup;
			children = (
				17044C30222A7BB800377FC2 /* GitHubRepository */,
				1753EB9B222BD13D009BBDB5 /* GitHubReadme */,
				17044C37222A7D9400377FC2 /* GitHubRepositoryContents */,
				17044C3C222A860C00377FC2 /* GitHubRelease */,
				LDEM1H5I9OU1DO1Y3U46FWZA /* SearchOptionsHistory */,
			);
			path = interactor;
			sourceTree = "<group>";
		};
		17A420DA223D345A00A2ED6E /* api */ = {
			isa = PBXGroup;
			children = (
				173AE55A2217008A004FEC1A /* GitHubClient */,
			);
			path = api;
			sourceTree = "<group>";
		};
		17A420DC223D373C00A2ED6E /* object */ = {
			isa = PBXGroup;
			children = (
				17A420E2223DD65600A2ED6E /* SearchOptionsObject.swift */,
				17A420DD223D378800A2ED6E /* SearchOptionsHistoryObject.swift */,
			);
			path = object;
			sourceTree = "<group>";
		};
		17A420DF223DD5D200A2ED6E /* SearchOptions */ = {
			isa = PBXGroup;
			children = (
				17A420E0223DD5E800A2ED6E /* SearchOptions.swift */,
			);
			path = SearchOptions;
			sourceTree = "<group>";
		};
		17A420E4223E28D300A2ED6E /* store */ = {
			isa = PBXGroup;
			children = (
				17A420E5223E28E400A2ED6E /* Storable.swift */,
			);
			path = store;
			sourceTree = "<group>";
		};
		17FDB80B2216FD410033BBA0 = {
			isa = PBXGroup;
			children = (
				17FDB8162216FD410033BBA0 /* github */,
				17FDB82B2216FD420033BBA0 /* githubTests */,
				17FDB8152216FD410033BBA0 /* Products */,
				3F2E968AFEF970A21FD2E324 /* Frameworks */,
			);
			sourceTree = "<group>";
		};
		17FDB8152216FD410033BBA0 /* Products */ = {
			isa = PBXGroup;
			children = (
				17FDB8142216FD410033BBA0 /* github.app */,
				17FDB8282216FD420033BBA0 /* githubTests.xctest */,
			);
			name = Products;
			sourceTree = "<group>";
		};
		17FDB8162216FD410033BBA0 /* github */ = {
			isa = PBXGroup;
			children = (
				173AE587221D7CF2004FEC1A /* application */,
				173AE57F221D7BBD004FEC1A /* modules */,
				173AE5572216FFFD004FEC1A /* data */,
				173AE59A221D875F004FEC1A /* entities */,
				173AE57A221D06A8004FEC1A /* extensions */,
				173AE588221D7D04004FEC1A /* resources */,
			);
			path = github;
			sourceTree = "<group>";
		};
		17FDB82B2216FD420033BBA0 /* githubTests */ = {
			isa = PBXGroup;
			children = (
				17FDB82C2216FD420033BBA0 /* githubTests.swift */,
				17FDB82E2216FD420033BBA0 /* Info.plist */,
			);
			path = githubTests;
			sourceTree = "<group>";
		};
		3F2E968AFEF970A21FD2E324 /* Frameworks */ = {
			isa = PBXGroup;
			children = (
				17A420C8223A073900A2ED6E /* Realm.framework */,
				17A420C9223A073900A2ED6E /* RealmSwift.framework */,
				17A420C322394B6600A2ED6E /* ActionClosurable.framework */,
				17A420C422394B6600A2ED6E /* Nuke.framework */,
			);
			name = Frameworks;
			sourceTree = "<group>";
		};
		LDEM1H5I9OU1DO1Y3U46FWZA /* SearchOptionsHistory */ = {
			isa = PBXGroup;
			children = (
				NM941NTOA2MIV58G0ZY9JACT /* SearchOptionsHistoryInteractor.swift */,
				17A420DC223D373C00A2ED6E /* object */,
			);
			path = SearchOptionsHistory;
			sourceTree = "<group>";
		};
/* End PBXGroup section */

/* Begin PBXNativeTarget section */
		17FDB8132216FD410033BBA0 /* github */ = {
			isa = PBXNativeTarget;
			buildConfigurationList = 17FDB8312216FD420033BBA0 /* Build configuration list for PBXNativeTarget "github" */;
			buildPhases = (
				17FDB8102216FD410033BBA0 /* Sources */,
				17FDB8112216FD410033BBA0 /* Frameworks */,
				17FDB8122216FD410033BBA0 /* Resources */,
				17A420C722394B6F00A2ED6E /* ShellScript */,
			);
			buildRules = (
			);
			dependencies = (
			);
			name = github;
			productName = github;
			productReference = 17FDB8142216FD410033BBA0 /* github.app */;
			productType = "com.apple.product-type.application";
		};
		17FDB8272216FD420033BBA0 /* githubTests */ = {
			isa = PBXNativeTarget;
			buildConfigurationList = 17FDB8342216FD420033BBA0 /* Build configuration list for PBXNativeTarget "githubTests" */;
			buildPhases = (
				17FDB8242216FD420033BBA0 /* Sources */,
				17FDB8252216FD420033BBA0 /* Frameworks */,
				17FDB8262216FD420033BBA0 /* Resources */,
			);
			buildRules = (
			);
			dependencies = (
				17FDB82A2216FD420033BBA0 /* PBXTargetDependency */,
			);
			name = githubTests;
			productName = githubTests;
			productReference = 17FDB8282216FD420033BBA0 /* githubTests.xctest */;
			productType = "com.apple.product-type.bundle.unit-test";
		};
/* End PBXNativeTarget section */

/* Begin PBXProject section */
		17FDB80C2216FD410033BBA0 /* Project object */ = {
			isa = PBXProject;
			attributes = {
				LastSwiftUpdateCheck = 1010;
				LastUpgradeCheck = 1010;
				ORGANIZATIONNAME = hicka04;
				TargetAttributes = {
					17FDB8132216FD410033BBA0 = {
						CreatedOnToolsVersion = 10.1;
					};
					17FDB8272216FD420033BBA0 = {
						CreatedOnToolsVersion = 10.1;
						TestTargetID = 17FDB8132216FD410033BBA0;
					};
				};
			};
			buildConfigurationList = 17FDB80F2216FD410033BBA0 /* Build configuration list for PBXProject "github" */;
			compatibilityVersion = "Xcode 9.3";
			developmentRegion = en;
			hasScannedForEncodings = 0;
			knownRegions = (
				en,
				Base,
			);
			mainGroup = 17FDB80B2216FD410033BBA0;
			productRefGroup = 17FDB8152216FD410033BBA0 /* Products */;
			projectDirPath = "";
			projectRoot = "";
			targets = (
				17FDB8132216FD410033BBA0 /* github */,
				17FDB8272216FD420033BBA0 /* githubTests */,
			);
		};
/* End PBXProject section */

/* Begin PBXResourcesBuildPhase section */
		17FDB8122216FD410033BBA0 /* Resources */ = {
			isa = PBXResourcesBuildPhase;
			buildActionMask = 2147483647;
			files = (
				17744DBB221EF6CD009D5A83 /* RepositoryReadmeViewController.xib in Resources */,
				173AE5A0221D9261004FEC1A /* RepositoryCell.xib in Resources */,
				17FDB8222216FD420033BBA0 /* LaunchScreen.storyboard in Resources */,
				17FDB81F2216FD420033BBA0 /* Assets.xcassets in Resources */,
				170844022234030300859658 /* RepositoryContentViewController.xib in Resources */,
				1708440822353CB900859658 /* Color.xcassets in Resources */,
			);
			runOnlyForDeploymentPostprocessing = 0;
		};
		17FDB8262216FD420033BBA0 /* Resources */ = {
			isa = PBXResourcesBuildPhase;
			buildActionMask = 2147483647;
			files = (
			);
			runOnlyForDeploymentPostprocessing = 0;
		};
/* End PBXResourcesBuildPhase section */

/* Begin PBXShellScriptBuildPhase section */
		17A420C722394B6F00A2ED6E /* ShellScript */ = {
			isa = PBXShellScriptBuildPhase;
			buildActionMask = 2147483647;
			files = (
			);
			inputFileListPaths = (
			);
			inputPaths = (
				"$(SRCROOT)/Carthage/Build/iOS/ActionClosurable.framework",
				"$(SRCROOT)/Carthage/Build/iOS/Nuke.framework",
				"$(SRCROOT)/Carthage/Build/iOS/Realm.framework",
				"$(SRCROOT)/Carthage/Build/iOS/RealmSwift.framework",
			);
			outputFileListPaths = (
			);
			outputPaths = (
			);
			runOnlyForDeploymentPostprocessing = 0;
			shellPath = /bin/sh;
			shellScript = "# Type a script or drag a script file from your workspace to insert its path.\n/usr/local/bin/carthage copy-frameworks\n";
		};
/* End PBXShellScriptBuildPhase section */

/* Begin PBXSourcesBuildPhase section */
		17FDB8102216FD410033BBA0 /* Sources */ = {
			isa = PBXSourcesBuildPhase;
			buildActionMask = 2147483647;
			files = (
				1753EBA0222CD895009BBDB5 /* RepositoryContentCell.swift in Sources */,
				17044C39222A7DC100377FC2 /* GitHubRepositoryContentsInteractor.swift in Sources */,
				173AE591221D7F89004FEC1A /* SearchResultViewPresenter.swift in Sources */,
				170843FE223402A400859658 /* RepositoryContentContract.swift in Sources */,
				173AE586221D7C68004FEC1A /* RootRouter.swift in Sources */,
				173AE56A2217008A004FEC1A /* GitHubAPI.swift in Sources */,
				17044C3B222A827A00377FC2 /* Release.swift in Sources */,
				1753EB9D222BD171009BBDB5 /* SearchReadmeInteractor.swift in Sources */,
				173AE56C2217008A004FEC1A /* GitHubRequest.swift in Sources */,
				173AE57C221D06C3004FEC1A /* UITableView+extension.swift in Sources */,
				173AE56B2217008A004FEC1A /* HTTPMethod.swift in Sources */,
				173AE5692217008A004FEC1A /* SearchResponse.swift in Sources */,
				17FDB8182216FD410033BBA0 /* AppDelegate.swift in Sources */,
				17044BFB221FA85900377FC2 /* RepositoryContentListContract.swift in Sources */,
				173AE57E221D06D5004FEC1A /* UITableViewCell+extension.swift in Sources */,
				170844042234038800859658 /* RepositoryContentViewPresenter.swift in Sources */,
				17744DC4221EF7F3009D5A83 /* RepositoryReadmeRouter.swift in Sources */,
				17744DAF221EDD8A009D5A83 /* RepositoryDetailContract.swift in Sources */,
				173AE582221D7BF1004FEC1A /* SearchResultViewController.swift in Sources */,
				170844062234041900859658 /* RepositoryContentRouter.swift in Sources */,
				17744DB1221EE21E009D5A83 /* RepositoryDetailPageViewController.swift in Sources */,
				1753EB93222BB507009BBDB5 /* ReleaseCell.swift in Sources */,
				17044C0A2224190500377FC2 /* RepositoryReleaseContract.swift in Sources */,
				173AE58F221D7EDE004FEC1A /* SearchResultRouter.swift in Sources */,
				17044C1222241BBB00377FC2 /* RepositoryReleaseRouter.swift in Sources */,
				17044C0D2224199800377FC2 /* RepositoryReleaseViewController.swift in Sources */,
				17044C03221FA97000377FC2 /* RepositoryContentListRouter.swift in Sources */,
				17A420E3223DD65600A2ED6E /* SearchOptionsObject.swift in Sources */,
				17044C3E222A864100377FC2 /* GitHubReleaseInteractor.swift in Sources */,
				173AE56F2217008A004FEC1A /* GitHubClientError.swift in Sources */,
				173AE58D221D7E71004FEC1A /* SearchResultContract.swift in Sources */,
				17044BFE221FA8C100377FC2 /* RepositoryContentListViewController.swift in Sources */,
				17044C33222A7BF100377FC2 /* GitHubRepositoryInteractor.swift in Sources */,
				173AE59F221D9261004FEC1A /* RepositoryCell.swift in Sources */,
				173AE56E2217008A004FEC1A /* GitHubAPIError.swift in Sources */,
				17744DC0221EF7C6009D5A83 /* RepositoryReadmeViewPresenter.swift in Sources */,
				17A420E6223E28E400A2ED6E /* Storable.swift in Sources */,
				1753EB9A222BC1F4009BBDB5 /* Readme.swift in Sources */,
				173D23A0223765C000728D85 /* String+extension.swift in Sources */,
				17744DC2221EF7E0009D5A83 /* RepositoryReadmeContract.swift in Sources */,
				170844012234030300859658 /* RepositoryContentViewController.swift in Sources */,
				17044C182228E4D900377FC2 /* RepositoryContent.swift in Sources */,
				1708440A22353EBF00859658 /* UIColor+extension.swift in Sources */,
				17744DB5221EE49C009D5A83 /* RepositoryDetailPageRouter.swift in Sources */,
				17044C1022241A4400377FC2 /* RepositoryReleaseViewPresenter.swift in Sources */,
				17A420E1223DD5E800A2ED6E /* SearchOptions.swift in Sources */,
				17044C01221FA8FE00377FC2 /* RepositoryContentListViewPresenter.swift in Sources */,
				17744DBA221EF6CD009D5A83 /* RepositoryReadmeViewController.swift in Sources */,
				17744DB3221EE353009D5A83 /* RepositoryDetailPageViewPresenter.swift in Sources */,
				173AE56D2217008A004FEC1A /* GitHubClient.swift in Sources */,
				173AE5672217008A004FEC1A /* User.swift in Sources */,
				17A420DE223D378800A2ED6E /* SearchOptionsHistoryObject.swift in Sources */,
				1708440C2236992C00859658 /* UIImageView+extension.swift in Sources */,
				173AE5682217008A004FEC1A /* Repository.swift in Sources */,
				3EYI3EX3OFKMDNK9D6FF7CI2 /* SearchOptionsHistoryInteractor.swift in Sources */,
			);
			runOnlyForDeploymentPostprocessing = 0;
		};
		17FDB8242216FD420033BBA0 /* Sources */ = {
			isa = PBXSourcesBuildPhase;
			buildActionMask = 2147483647;
			files = (
				17FDB82D2216FD420033BBA0 /* githubTests.swift in Sources */,
			);
			runOnlyForDeploymentPostprocessing = 0;
		};
/* End PBXSourcesBuildPhase section */

/* Begin PBXTargetDependency section */
		17FDB82A2216FD420033BBA0 /* PBXTargetDependency */ = {
			isa = PBXTargetDependency;
			target = 17FDB8132216FD410033BBA0 /* github */;
			targetProxy = 17FDB8292216FD420033BBA0 /* PBXContainerItemProxy */;
		};
/* End PBXTargetDependency section */

/* Begin PBXVariantGroup section */
		17FDB8202216FD420033BBA0 /* LaunchScreen.storyboard */ = {
			isa = PBXVariantGroup;
			children = (
				17FDB8212216FD420033BBA0 /* Base */,
			);
			name = LaunchScreen.storyboard;
			sourceTree = "<group>";
		};
/* End PBXVariantGroup section */

/* Begin XCBuildConfiguration section */
		17FDB82F2216FD420033BBA0 /* Debug */ = {
			isa = XCBuildConfiguration;
			buildSettings = {
				ALWAYS_SEARCH_USER_PATHS = NO;
				CLANG_ANALYZER_NONNULL = YES;
				CLANG_ANALYZER_NUMBER_OBJECT_CONVERSION = YES_AGGRESSIVE;
				CLANG_CXX_LANGUAGE_STANDARD = "gnu++14";
				CLANG_CXX_LIBRARY = "libc++";
				CLANG_ENABLE_MODULES = YES;
				CLANG_ENABLE_OBJC_ARC = YES;
				CLANG_ENABLE_OBJC_WEAK = YES;
				CLANG_WARN_BLOCK_CAPTURE_AUTORELEASING = YES;
				CLANG_WARN_BOOL_CONVERSION = YES;
				CLANG_WARN_COMMA = YES;
				CLANG_WARN_CONSTANT_CONVERSION = YES;
				CLANG_WARN_DEPRECATED_OBJC_IMPLEMENTATIONS = YES;
				CLANG_WARN_DIRECT_OBJC_ISA_USAGE = YES_ERROR;
				CLANG_WARN_DOCUMENTATION_COMMENTS = YES;
				CLANG_WARN_EMPTY_BODY = YES;
				CLANG_WARN_ENUM_CONVERSION = YES;
				CLANG_WARN_INFINITE_RECURSION = YES;
				CLANG_WARN_INT_CONVERSION = YES;
				CLANG_WARN_NON_LITERAL_NULL_CONVERSION = YES;
				CLANG_WARN_OBJC_IMPLICIT_RETAIN_SELF = YES;
				CLANG_WARN_OBJC_LITERAL_CONVERSION = YES;
				CLANG_WARN_OBJC_ROOT_CLASS = YES_ERROR;
				CLANG_WARN_RANGE_LOOP_ANALYSIS = YES;
				CLANG_WARN_STRICT_PROTOTYPES = YES;
				CLANG_WARN_SUSPICIOUS_MOVE = YES;
				CLANG_WARN_UNGUARDED_AVAILABILITY = YES_AGGRESSIVE;
				CLANG_WARN_UNREACHABLE_CODE = YES;
				CLANG_WARN__DUPLICATE_METHOD_MATCH = YES;
				CODE_SIGN_IDENTITY = "iPhone Developer";
				COPY_PHASE_STRIP = NO;
				DEBUG_INFORMATION_FORMAT = dwarf;
				ENABLE_STRICT_OBJC_MSGSEND = YES;
				ENABLE_TESTABILITY = YES;
				GCC_C_LANGUAGE_STANDARD = gnu11;
				GCC_DYNAMIC_NO_PIC = NO;
				GCC_NO_COMMON_BLOCKS = YES;
				GCC_OPTIMIZATION_LEVEL = 0;
				GCC_PREPROCESSOR_DEFINITIONS = (
					"DEBUG=1",
					"$(inherited)",
				);
				GCC_WARN_64_TO_32_BIT_CONVERSION = YES;
				GCC_WARN_ABOUT_RETURN_TYPE = YES_ERROR;
				GCC_WARN_UNDECLARED_SELECTOR = YES;
				GCC_WARN_UNINITIALIZED_AUTOS = YES_AGGRESSIVE;
				GCC_WARN_UNUSED_FUNCTION = YES;
				GCC_WARN_UNUSED_VARIABLE = YES;
				IPHONEOS_DEPLOYMENT_TARGET = 12.1;
				MTL_ENABLE_DEBUG_INFO = INCLUDE_SOURCE;
				MTL_FAST_MATH = YES;
				ONLY_ACTIVE_ARCH = YES;
				SDKROOT = iphoneos;
				SWIFT_ACTIVE_COMPILATION_CONDITIONS = DEBUG;
				SWIFT_OPTIMIZATION_LEVEL = "-Onone";
			};
			name = Debug;
		};
		17FDB8302216FD420033BBA0 /* Release */ = {
			isa = XCBuildConfiguration;
			buildSettings = {
				ALWAYS_SEARCH_USER_PATHS = NO;
				CLANG_ANALYZER_NONNULL = YES;
				CLANG_ANALYZER_NUMBER_OBJECT_CONVERSION = YES_AGGRESSIVE;
				CLANG_CXX_LANGUAGE_STANDARD = "gnu++14";
				CLANG_CXX_LIBRARY = "libc++";
				CLANG_ENABLE_MODULES = YES;
				CLANG_ENABLE_OBJC_ARC = YES;
				CLANG_ENABLE_OBJC_WEAK = YES;
				CLANG_WARN_BLOCK_CAPTURE_AUTORELEASING = YES;
				CLANG_WARN_BOOL_CONVERSION = YES;
				CLANG_WARN_COMMA = YES;
				CLANG_WARN_CONSTANT_CONVERSION = YES;
				CLANG_WARN_DEPRECATED_OBJC_IMPLEMENTATIONS = YES;
				CLANG_WARN_DIRECT_OBJC_ISA_USAGE = YES_ERROR;
				CLANG_WARN_DOCUMENTATION_COMMENTS = YES;
				CLANG_WARN_EMPTY_BODY = YES;
				CLANG_WARN_ENUM_CONVERSION = YES;
				CLANG_WARN_INFINITE_RECURSION = YES;
				CLANG_WARN_INT_CONVERSION = YES;
				CLANG_WARN_NON_LITERAL_NULL_CONVERSION = YES;
				CLANG_WARN_OBJC_IMPLICIT_RETAIN_SELF = YES;
				CLANG_WARN_OBJC_LITERAL_CONVERSION = YES;
				CLANG_WARN_OBJC_ROOT_CLASS = YES_ERROR;
				CLANG_WARN_RANGE_LOOP_ANALYSIS = YES;
				CLANG_WARN_STRICT_PROTOTYPES = YES;
				CLANG_WARN_SUSPICIOUS_MOVE = YES;
				CLANG_WARN_UNGUARDED_AVAILABILITY = YES_AGGRESSIVE;
				CLANG_WARN_UNREACHABLE_CODE = YES;
				CLANG_WARN__DUPLICATE_METHOD_MATCH = YES;
				CODE_SIGN_IDENTITY = "iPhone Developer";
				COPY_PHASE_STRIP = NO;
				DEBUG_INFORMATION_FORMAT = "dwarf-with-dsym";
				ENABLE_NS_ASSERTIONS = NO;
				ENABLE_STRICT_OBJC_MSGSEND = YES;
				GCC_C_LANGUAGE_STANDARD = gnu11;
				GCC_NO_COMMON_BLOCKS = YES;
				GCC_WARN_64_TO_32_BIT_CONVERSION = YES;
				GCC_WARN_ABOUT_RETURN_TYPE = YES_ERROR;
				GCC_WARN_UNDECLARED_SELECTOR = YES;
				GCC_WARN_UNINITIALIZED_AUTOS = YES_AGGRESSIVE;
				GCC_WARN_UNUSED_FUNCTION = YES;
				GCC_WARN_UNUSED_VARIABLE = YES;
				IPHONEOS_DEPLOYMENT_TARGET = 12.1;
				MTL_ENABLE_DEBUG_INFO = NO;
				MTL_FAST_MATH = YES;
				SDKROOT = iphoneos;
				SWIFT_COMPILATION_MODE = wholemodule;
				SWIFT_OPTIMIZATION_LEVEL = "-O";
				VALIDATE_PRODUCT = YES;
			};
			name = Release;
		};
		17FDB8322216FD420033BBA0 /* Debug */ = {
			isa = XCBuildConfiguration;
			buildSettings = {
				ASSETCATALOG_COMPILER_APPICON_NAME = AppIcon;
				CODE_SIGN_STYLE = Automatic;
				DEVELOPMENT_TEAM = 8RYHZQ93KG;
				FRAMEWORK_SEARCH_PATHS = (
					"$(inherited)",
					"$(PROJECT_DIR)/Carthage/Build/iOS",
				);
				INFOPLIST_FILE = "$(SRCROOT)/github/application/Info.plist";
				IPHONEOS_DEPLOYMENT_TARGET = 11.0;
				LD_RUNPATH_SEARCH_PATHS = (
					"$(inherited)",
					"@executable_path/Frameworks",
				);
				PRODUCT_BUNDLE_IDENTIFIER = com.hicka04.github;
				PRODUCT_NAME = "$(TARGET_NAME)";
				SWIFT_VERSION = 4.2;
				TARGETED_DEVICE_FAMILY = "1,2";
			};
			name = Debug;
		};
		17FDB8332216FD420033BBA0 /* Release */ = {
			isa = XCBuildConfiguration;
			buildSettings = {
				ASSETCATALOG_COMPILER_APPICON_NAME = AppIcon;
				CODE_SIGN_STYLE = Automatic;
				DEVELOPMENT_TEAM = 8RYHZQ93KG;
				FRAMEWORK_SEARCH_PATHS = (
					"$(inherited)",
					"$(PROJECT_DIR)/Carthage/Build/iOS",
				);
				INFOPLIST_FILE = "$(SRCROOT)/github/application/Info.plist";
				IPHONEOS_DEPLOYMENT_TARGET = 11.0;
				LD_RUNPATH_SEARCH_PATHS = (
					"$(inherited)",
					"@executable_path/Frameworks",
				);
				PRODUCT_BUNDLE_IDENTIFIER = com.hicka04.github;
				PRODUCT_NAME = "$(TARGET_NAME)";
				SWIFT_VERSION = 4.2;
				TARGETED_DEVICE_FAMILY = "1,2";
			};
			name = Release;
		};
		17FDB8352216FD420033BBA0 /* Debug */ = {
			isa = XCBuildConfiguration;
			buildSettings = {
				ALWAYS_EMBED_SWIFT_STANDARD_LIBRARIES = YES;
				BUNDLE_LOADER = "$(TEST_HOST)";
				CODE_SIGN_STYLE = Automatic;
				DEVELOPMENT_TEAM = 8RYHZQ93KG;
				INFOPLIST_FILE = githubTests/Info.plist;
				LD_RUNPATH_SEARCH_PATHS = (
					"$(inherited)",
					"@executable_path/Frameworks",
					"@loader_path/Frameworks",
				);
				PRODUCT_BUNDLE_IDENTIFIER = com.hicka04.githubTests;
				PRODUCT_NAME = "$(TARGET_NAME)";
				SWIFT_VERSION = 4.2;
				TARGETED_DEVICE_FAMILY = "1,2";
				TEST_HOST = "$(BUILT_PRODUCTS_DIR)/github.app/github";
			};
			name = Debug;
		};
		17FDB8362216FD420033BBA0 /* Release */ = {
			isa = XCBuildConfiguration;
			buildSettings = {
				ALWAYS_EMBED_SWIFT_STANDARD_LIBRARIES = YES;
				BUNDLE_LOADER = "$(TEST_HOST)";
				CODE_SIGN_STYLE = Automatic;
				DEVELOPMENT_TEAM = 8RYHZQ93KG;
				INFOPLIST_FILE = githubTests/Info.plist;
				LD_RUNPATH_SEARCH_PATHS = (
					"$(inherited)",
					"@executable_path/Frameworks",
					"@loader_path/Frameworks",
				);
				PRODUCT_BUNDLE_IDENTIFIER = com.hicka04.githubTests;
				PRODUCT_NAME = "$(TARGET_NAME)";
				SWIFT_VERSION = 4.2;
				TARGETED_DEVICE_FAMILY = "1,2";
				TEST_HOST = "$(BUILT_PRODUCTS_DIR)/github.app/github";
			};
			name = Release;
		};
/* End XCBuildConfiguration section */

/* Begin XCConfigurationList section */
		17FDB80F2216FD410033BBA0 /* Build configuration list for PBXProject "github" */ = {
			isa = XCConfigurationList;
			buildConfigurations = (
				17FDB82F2216FD420033BBA0 /* Debug */,
				17FDB8302216FD420033BBA0 /* Release */,
			);
			defaultConfigurationIsVisible = 0;
			defaultConfigurationName = Release;
		};
		17FDB8312216FD420033BBA0 /* Build configuration list for PBXNativeTarget "github" */ = {
			isa = XCConfigurationList;
			buildConfigurations = (
				17FDB8322216FD420033BBA0 /* Debug */,
				17FDB8332216FD420033BBA0 /* Release */,
			);
			defaultConfigurationIsVisible = 0;
			defaultConfigurationName = Release;
		};
		17FDB8342216FD420033BBA0 /* Build configuration list for PBXNativeTarget "githubTests" */ = {
			isa = XCConfigurationList;
			buildConfigurations = (
				17FDB8352216FD420033BBA0 /* Debug */,
				17FDB8362216FD420033BBA0 /* Release */,
			);
			defaultConfigurationIsVisible = 0;
			defaultConfigurationName = Release;
		};
/* End XCConfigurationList section */
	};
	rootObject = 17FDB80C2216FD410033BBA0 /* Project object */;
}
